
Microsoft Visual Studio Solution File, Format Version 12.00
# Visual Studio Version 17
VisualStudioVersion = 17.3.32819.101
MinimumVisualStudioVersion = 10.0.40219.1
Project("{8BC9CEB8-8B4A-11D0-8D11-00A0C91BC942}") = "DataStructures", "DataStructures\DataStructures.vcxproj", "{38B819A2-7053-4F4B-BC75-E126E1A92DD6}"
EndProject
Project("{8BC9CEB8-8B4A-11D0-8D11-00A0C91BC942}") = "UnitTest1", "UnitTest1\UnitTest1.vcxproj", "{182AEDDC-2DA8-4FB3-9769-E878EB6BCBD0}"
EndProject
Global
	GlobalSection(SolutionConfigurationPlatforms) = preSolution
		Debug|x64 = Debug|x64
		Debug|x86 = Debug|x86
		Release|x64 = Release|x64
		Release|x86 = Release|x86
	EndGlobalSection
	GlobalSection(ProjectConfigurationPlatforms) = postSolution
		{38B819A2-7053-4F4B-BC75-E126E1A92DD6}.Debug|x64.ActiveCfg = Debug|x64
		{38B819A2-7053-4F4B-BC75-E126E1A92DD6}.Debug|x64.Build.0 = Debug|x64
		{38B819A2-7053-4F4B-BC75-E126E1A92DD6}.Debug|x86.ActiveCfg = Debug|Win32
		{38B819A2-7053-4F4B-BC75-E126E1A92DD6}.Debug|x86.Build.0 = Debug|Win32
		{38B819A2-7053-4F4B-BC75-E126E1A92DD6}.Release|x64.ActiveCfg = Release|x64
		{38B819A2-7053-4F4B-BC75-E126E1A92DD6}.Release|x64.Build.0 = Release|x64
		{38B819A2-7053-4F4B-BC75-E126E1A92DD6}.Release|x86.ActiveCfg = Release|Win32
		{38B819A2-7053-4F4B-BC75-E126E1A92DD6}.Release|x86.Build.0 = Release|Win32
		{182AEDDC-2DA8-4FB3-9769-E878EB6BCBD0}.Debug|x64.ActiveCfg = Debug|x64
		{182AEDDC-2DA8-4FB3-9769-E878EB6BCBD0}.Debug|x64.Build.0 = Debug|x64
		{182AEDDC-2DA8-4FB3-9769-E878EB6BCBD0}.Debug|x86.ActiveCfg = Debug|Win32
		{182AEDDC-2DA8-4FB3-9769-E878EB6BCBD0}.Debug|x86.Build.0 = Debug|Win32
		{182AEDDC-2DA8-4FB3-9769-E878EB6BCBD0}.Release|x64.ActiveCfg = Release|x64
		{182AEDDC-2DA8-4FB3-9769-E878EB6BCBD0}.Release|x64.Build.0 = Release|x64
		{182AEDDC-2DA8-4FB3-9769-E878EB6BCBD0}.Release|x86.ActiveCfg = Release|Win32
		{182AEDDC-2DA8-4FB3-9769-E878EB6BCBD0}.Release|x86.Build.0 = Release|Win32
	EndGlobalSection
	GlobalSection(SolutionProperties) = preSolution
		HideSolutionNode = FALSE
	EndGlobalSection
	GlobalSection(ExtensibilityGlobals) = postSolution
		SolutionGuid = {D0837D69-A5F7-4144-AB16-2DCE9A531C84}
	EndGlobalSection
EndGlobal
